
Microsoft Visual Studio Solution File, Format Version 12.00
# Visual Studio Version 16
VisualStudioVersion = 16.0.29613.14
MinimumVisualStudioVersion = 10.0.40219.1
Project("{FAE04EC0-301F-11D3-BF4B-00C04F79EFBC}") = "14", "14\14.csproj", "{01A0C645-B718-476E-BDB1-36D09A4AD4EF}"
EndProject
Global
	GlobalSection(SolutionConfigurationPlatforms) = preSolution
		Debug|Any CPU = Debug|Any CPU
		Release|Any CPU = Release|Any CPU
	EndGlobalSection
	GlobalSection(ProjectConfigurationPlatforms) = postSolution
		{01A0C645-B718-476E-BDB1-36D09A4AD4EF}.Debug|Any CPU.ActiveCfg = Debug|Any CPU
		{01A0C645-B718-476E-BDB1-36D09A4AD4EF}.Debug|Any CPU.Build.0 = Debug|Any CPU
		{01A0C645-B718-476E-BDB1-36D09A4AD4EF}.Release|Any CPU.ActiveCfg = Release|Any CPU
		{01A0C645-B718-476E-BDB1-36D09A4AD4EF}.Release|Any CPU.Build.0 = Release|Any CPU
	EndGlobalSection
	GlobalSection(SolutionProperties) = preSolution
		HideSolutionNode = FALSE
	EndGlobalSection
	GlobalSection(ExtensibilityGlobals) = postSolution
		SolutionGuid = {2C1FFEFF-C849-46D4-818E-09EFB97BCEE3}
	EndGlobalSection
EndGlobal
